
Microsoft Visual Studio Solution File, Format Version 10.00
# Visual Studio 2008
Project("{FAE04EC0-301F-11D3-BF4B-00C04F79EFBC}") = "librarysim", "librarysim\librarysim.csproj", "{B09371DD-FDA4-43C1-B3A4-51A42841E65D}"
EndProject
Global
	GlobalSection(SolutionConfigurationPlatforms) = preSolution
		Debug|Any CPU = Debug|Any CPU
		Release|Any CPU = Release|Any CPU
	EndGlobalSection
	GlobalSection(ProjectConfigurationPlatforms) = postSolution
		{B09371DD-FDA4-43C1-B3A4-51A42841E65D}.Debug|Any CPU.ActiveCfg = Debug|Any CPU
		{B09371DD-FDA4-43C1-B3A4-51A42841E65D}.Debug|Any CPU.Build.0 = Debug|Any CPU
		{B09371DD-FDA4-43C1-B3A4-51A42841E65D}.Release|Any CPU.ActiveCfg = Release|Any CPU
		{B09371DD-FDA4-43C1-B3A4-51A42841E65D}.Release|Any CPU.Build.0 = Release|Any CPU
	EndGlobalSection
	GlobalSection(MonoDevelopProperties) = preSolution
		version = 0.1
		StartupItem = librarysim\librarysim.csproj
	EndGlobalSection
	GlobalSection(SolutionProperties) = preSolution
		HideSolutionNode = FALSE
	EndGlobalSection
EndGlobal
